
Microsoft Visual Studio Solution File, Format Version 12.00
# Visual Studio Version 17
VisualStudioVersion = 17.3.32819.101
MinimumVisualStudioVersion = 10.0.40219.1
Project("{9A19103F-16F7-4668-BE54-9A1E7A4F7556}") = "DependencyInjection", "DependencyInjection\DependencyInjection.csproj", "{1BC62DCC-94A2-490F-AECF-28C71CCA5736}"
EndProject
Project("{9A19103F-16F7-4668-BE54-9A1E7A4F7556}") = "TDDCore", "TDDCore\TDDCore.csproj", "{2DC302E2-679B-4981-920E-A4D7B3C97DDB}"
EndProject
Project("{9A19103F-16F7-4668-BE54-9A1E7A4F7556}") = "TDDTest", "TDDTest\TDDTest.csproj", "{2880E933-ADCB-49F0-B1F8-AC473F1584AE}"
EndProject
Global
	GlobalSection(SolutionConfigurationPlatforms) = preSolution
		Debug|Any CPU = Debug|Any CPU
		Release|Any CPU = Release|Any CPU
	EndGlobalSection
	GlobalSection(ProjectConfigurationPlatforms) = postSolution
		{1BC62DCC-94A2-490F-AECF-28C71CCA5736}.Debug|Any CPU.ActiveCfg = Debug|Any CPU
		{1BC62DCC-94A2-490F-AECF-28C71CCA5736}.Debug|Any CPU.Build.0 = Debug|Any CPU
		{1BC62DCC-94A2-490F-AECF-28C71CCA5736}.Release|Any CPU.ActiveCfg = Release|Any CPU
		{1BC62DCC-94A2-490F-AECF-28C71CCA5736}.Release|Any CPU.Build.0 = Release|Any CPU
		{2DC302E2-679B-4981-920E-A4D7B3C97DDB}.Debug|Any CPU.ActiveCfg = Debug|Any CPU
		{2DC302E2-679B-4981-920E-A4D7B3C97DDB}.Debug|Any CPU.Build.0 = Debug|Any CPU
		{2DC302E2-679B-4981-920E-A4D7B3C97DDB}.Release|Any CPU.ActiveCfg = Release|Any CPU
		{2DC302E2-679B-4981-920E-A4D7B3C97DDB}.Release|Any CPU.Build.0 = Release|Any CPU
		{2880E933-ADCB-49F0-B1F8-AC473F1584AE}.Debug|Any CPU.ActiveCfg = Debug|Any CPU
		{2880E933-ADCB-49F0-B1F8-AC473F1584AE}.Debug|Any CPU.Build.0 = Debug|Any CPU
		{2880E933-ADCB-49F0-B1F8-AC473F1584AE}.Release|Any CPU.ActiveCfg = Release|Any CPU
		{2880E933-ADCB-49F0-B1F8-AC473F1584AE}.Release|Any CPU.Build.0 = Release|Any CPU
	EndGlobalSection
	GlobalSection(SolutionProperties) = preSolution
		HideSolutionNode = FALSE
	EndGlobalSection
	GlobalSection(ExtensibilityGlobals) = postSolution
		SolutionGuid = {67902818-7F2A-4191-9B43-916D30177931}
	EndGlobalSection
EndGlobal
